[[package]]
category = "dev"
description = "Atomic file writes."
marker = "sys_platform == \"win32\""
name = "atomicwrites"
optional = false
python-versions = ">=2.7, !=3.0.*, !=3.1.*, !=3.2.*, !=3.3.*"
version = "1.4.0"

[[package]]
category = "dev"
description = "Classes Without Boilerplate"
name = "attrs"
optional = false
python-versions = ">=2.7, !=3.0.*, !=3.1.*, !=3.2.*, !=3.3.*"
version = "20.3.0"

[package.extras]
dev = ["coverage (>=5.0.2)", "hypothesis", "pympler", "pytest (>=4.3.0)", "six", "zope.interface", "furo", "sphinx", "pre-commit"]
docs = ["furo", "sphinx", "zope.interface"]
tests = ["coverage (>=5.0.2)", "hypothesis", "pympler", "pytest (>=4.3.0)", "six", "zope.interface"]
tests_no_zope = ["coverage (>=5.0.2)", "hypothesis", "pympler", "pytest (>=4.3.0)", "six"]

[[package]]
category = "main"
description = "Python driver with native interface for ClickHouse"
name = "clickhouse-driver"
optional = false
python-versions = ">=2.7, !=3.0.*, !=3.1.*, !=3.2.*, !=3.3.*"
version = "0.1.5"

[package.dependencies]
pytz = "*"
tzlocal = "*"

[package.extras]
lz4 = ["lz4 (<=3.0.1)", "clickhouse-cityhash (>=1.0.2.1)"]
zstd = ["zstd", "clickhouse-cityhash (>=1.0.2.1)"]

[[package]]
category = "dev"
description = "Cross-platform colored terminal text."
marker = "sys_platform == \"win32\""
name = "colorama"
optional = false
python-versions = ">=2.7, !=3.0.*, !=3.1.*, !=3.2.*, !=3.3.*, !=3.4.*"
version = "0.4.4"

[[package]]
category = "dev"
description = "Read metadata from Python packages"
marker = "python_version < \"3.8\""
name = "importlib-metadata"
optional = false
python-versions = "!=3.0.*,!=3.1.*,!=3.2.*,!=3.3.*,!=3.4.*,>=2.7"
version = "2.0.0"

[package.dependencies]
zipp = ">=0.5"

[package.extras]
docs = ["sphinx", "rst.linker"]
testing = ["packaging", "pep517", "importlib-resources (>=1.3)"]

[[package]]
category = "dev"
description = "More routines for operating on iterables, beyond itertools"
name = "more-itertools"
optional = false
python-versions = ">=3.5"
version = "8.6.0"

[[package]]
category = "dev"
description = "Core utilities for Python packages"
name = "packaging"
optional = false
python-versions = ">=2.7, !=3.0.*, !=3.1.*, !=3.2.*, !=3.3.*"
version = "20.4"

[package.dependencies]
pyparsing = ">=2.0.2"
six = "*"

[[package]]
category = "dev"
description = "plugin and hook calling mechanisms for python"
name = "pluggy"
optional = false
python-versions = ">=2.7, !=3.0.*, !=3.1.*, !=3.2.*, !=3.3.*"
version = "0.13.1"

[package.dependencies]
[package.dependencies.importlib-metadata]
python = "<3.8"
version = ">=0.12"

[package.extras]
dev = ["pre-commit", "tox"]

[[package]]
category = "dev"
description = "library with cross-python path, ini-parsing, io, code, log facilities"
name = "py"
optional = false
python-versions = ">=2.7, !=3.0.*, !=3.1.*, !=3.2.*, !=3.3.*"
version = "1.9.0"

[[package]]
category = "dev"
description = "Python parsing module"
name = "pyparsing"
optional = false
python-versions = ">=2.6, !=3.0.*, !=3.1.*, !=3.2.*"
version = "2.4.7"

[[package]]
category = "dev"
description = "pytest: simple powerful testing with Python"
name = "pytest"
optional = false
python-versions = ">=3.5"
version = "5.4.3"

[package.dependencies]
atomicwrites = ">=1.0"
attrs = ">=17.4.0"
colorama = "*"
more-itertools = ">=4.0.0"
packaging = "*"
pluggy = ">=0.12,<1.0"
py = ">=1.5.0"
wcwidth = "*"

[package.dependencies.importlib-metadata]
python = "<3.8"
version = ">=0.12"

[package.extras]
checkqa-mypy = ["mypy (v0.761)"]
testing = ["argcomplete", "hypothesis (>=3.56)", "mock", "nose", "requests", "xmlschema"]

[[package]]
category = "main"
description = "World timezone definitions, modern and historical"
name = "pytz"
optional = false
python-versions = "*"
version = "2020.4"

[[package]]
category = "dev"
description = "Python 2 and 3 compatibility utilities"
name = "six"
optional = false
python-versions = ">=2.7, !=3.0.*, !=3.1.*, !=3.2.*"
version = "1.15.0"

[[package]]
category = "main"
description = "tzinfo object for the local timezone"
name = "tzlocal"
optional = false
python-versions = "*"
version = "2.1"

[package.dependencies]
pytz = "*"

[[package]]
category = "dev"
description = "Measures the displayed width of unicode strings in a terminal"
name = "wcwidth"
optional = false
python-versions = "*"
version = "0.2.5"

[[package]]
category = "dev"
description = "Backport of pathlib-compatible object wrapper for zip files"
marker = "python_version < \"3.8\""
name = "zipp"
optional = false
python-versions = ">=3.6"
version = "3.4.0"

[package.extras]
docs = ["sphinx", "jaraco.packaging (>=3.2)", "rst.linker (>=1.9)"]
testing = ["pytest (>=3.5,<3.7.3 || >3.7.3)", "pytest-checkdocs (>=1.2.3)", "pytest-flake8", "pytest-cov", "jaraco.test (>=3.2.0)", "jaraco.itertools", "func-timeout", "pytest-black (>=0.3.7)", "pytest-mypy"]

[metadata]
content-hash = "da0b122f0079e77f08ca9e593e6e7a771c1276ad9734d77552b9cd8afbf55ae4"
python-versions = "^3.6"

[metadata.files]
atomicwrites = [
    {file = "atomicwrites-1.4.0-py2.py3-none-any.whl", hash = "sha256:6d1784dea7c0c8d4a5172b6c620f40b6e4cbfdf96d783691f2e1302a7b88e197"},
    {file = "atomicwrites-1.4.0.tar.gz", hash = "sha256:ae70396ad1a434f9c7046fd2dd196fc04b12f9e91ffb859164193be8b6168a7a"},
]
attrs = [
    {file = "attrs-20.3.0-py2.py3-none-any.whl", hash = "sha256:31b2eced602aa8423c2aea9c76a724617ed67cf9513173fd3a4f03e3a929c7e6"},
    {file = "attrs-20.3.0.tar.gz", hash = "sha256:832aa3cde19744e49938b91fea06d69ecb9e649c93ba974535d08ad92164f700"},
]
clickhouse-driver = [
    {file = "clickhouse-driver-0.1.5.tar.gz", hash = "sha256:ed058d4332df1e8b99daa4283014f9701bfed7220553956cafa67df14b6547a0"},
    {file = "clickhouse_driver-0.1.5-cp27-cp27m-macosx_10_6_intel.whl", hash = "sha256:4e0672f40440d5a2a5cfaf88a41ddee40c9c632a08fdd47c0d3bfc8cc6babaa5"},
    {file = "clickhouse_driver-0.1.5-cp27-cp27m-manylinux1_i686.whl", hash = "sha256:eaa94c37bc5d571287a9d993f2e5527fb05a4586a6683a88807dea646d854df5"},
    {file = "clickhouse_driver-0.1.5-cp27-cp27m-manylinux1_x86_64.whl", hash = "sha256:cb8ed5ec694fd0cafcee5fa96a1c6b9056af9f1f3611b16b2eb2eb911b9b2716"},
    {file = "clickhouse_driver-0.1.5-cp27-cp27m-manylinux2010_i686.whl", hash = "sha256:19645ed785977accc56f6328be652c114b9bd9e41f32306fc9c6936fcff59deb"},
    {file = "clickhouse_driver-0.1.5-cp27-cp27m-manylinux2010_x86_64.whl", hash = "sha256:f6fc8dddd8ff995db484739c4a1edd229d2c4a476c787b9aa3a76d98397f1673"},
    {file = "clickhouse_driver-0.1.5-cp27-cp27mu-manylinux1_i686.whl", hash = "sha256:c2e922dd068525e16c459ca0a0a69d5e356a77025ed69d36e2beacd7a4b4a565"},
    {file = "clickhouse_driver-0.1.5-cp27-cp27mu-manylinux1_x86_64.whl", hash = "sha256:20da40b32cfd0618688c3b3c7cd726b888546f4eed35fdecbf32bcc8b61ac8e0"},
    {file = "clickhouse_driver-0.1.5-cp27-cp27mu-manylinux2010_i686.whl", hash = "sha256:491939b02f51d130137dc76e5248cfc1fc28a1b3a8c2199160b12860016868c2"},
    {file = "clickhouse_driver-0.1.5-cp27-cp27mu-manylinux2010_x86_64.whl", hash = "sha256:92a286dea82f751f0b49dfe75a28fc697ce7d5ddba10d35d9b13d885ceebb150"},
    {file = "clickhouse_driver-0.1.5-cp35-cp35m-macosx_10_6_intel.whl", hash = "sha256:c47e7625738931e4eb46fca2baa5fcc38230741824f7dfc3415a06cb331a9e29"},
    {file = "clickhouse_driver-0.1.5-cp35-cp35m-manylinux1_i686.whl", hash = "sha256:74ddf9bd5506328865c106be0c8b1bd937bb6cfb66457dd5f79df46bb39286d0"},
    {file = "clickhouse_driver-0.1.5-cp35-cp35m-manylinux1_x86_64.whl", hash = "sha256:89477743d66de81334688353ea437736bc87851390582cb9b88c66c2aae8f701"},
    {file = "clickhouse_driver-0.1.5-cp35-cp35m-manylinux2010_i686.whl", hash = "sha256:47d7301bfd4a57ef458e80d36825a3534d5c77f7bcca283698608d5c621f5b27"},
    {file = "clickhouse_driver-0.1.5-cp35-cp35m-manylinux2010_x86_64.whl", hash = "sha256:86ce23a40275d2007d7a2cf289ea8298c5e8bbff7274193260c4f0648efac35d"},
    {file = "clickhouse_driver-0.1.5-cp35-cp35m-win32.whl", hash = "sha256:7ff256a799b84c7f0f5865ffd616960ef2381ffeb1a40511c9007dda38030cfe"},
    {file = "clickhouse_driver-0.1.5-cp35-cp35m-win_amd64.whl", hash = "sha256:4748fe7917aab1a992622b7882f04e2c8aef4b88ab337ba66cea0de8ced8a235"},
    {file = "clickhouse_driver-0.1.5-cp36-cp36m-macosx_10_6_intel.whl", hash = "sha256:ef107dd8ddf0cb4a97a83f4e50333a1df755360671a89899f9a8bf9ef77368ae"},
    {file = "clickhouse_driver-0.1.5-cp36-cp36m-manylinux1_i686.whl", hash = "sha256:6599c89c9c6990b1dffa172b9a99e7c16c50a092c1dd3b2cadcae9f579652ae9"},
    {file = "clickhouse_driver-0.1.5-cp36-cp36m-manylinux1_x86_64.whl", hash = "sha256:ef57cfd42444d7d04cce48fdce147e7a3ad190589bc34e7134863e995292ff8a"},
    {file = "clickhouse_driver-0.1.5-cp36-cp36m-manylinux2010_i686.whl", hash = "sha256:da65de9490e790254419616496d6f1ee8ac7fc27892c9aa39978e955bb9de9bc"},
    {file = "clickhouse_driver-0.1.5-cp36-cp36m-manylinux2010_x86_64.whl", hash = "sha256:362b6d62de02c6b0f79fee3c1e8d795ce56ed42c0569aa723397769e8c181ca1"},
    {file = "clickhouse_driver-0.1.5-cp36-cp36m-win32.whl", hash = "sha256:b31391421d483d9a548df144919089bae809614f084a42fec6e10d20389013ee"},
    {file = "clickhouse_driver-0.1.5-cp36-cp36m-win_amd64.whl", hash = "sha256:19895a13e60b7eb793281d4940aa3a8e9f9eadaf7822f70cc06d612ef1ccc736"},
    {file = "clickhouse_driver-0.1.5-cp37-cp37m-macosx_10_6_intel.whl", hash = "sha256:4ff28efcdf35892bde4352d4e1656c12c15bab770ac33dc064d833e3781d0bee"},
    {file = "clickhouse_driver-0.1.5-cp37-cp37m-manylinux1_i686.whl", hash = "sha256:c98734c0cc4bd7336126d313b782e2ee4d38515c9c8816aea415fceaed8d0aa6"},
    {file = "clickhouse_driver-0.1.5-cp37-cp37m-manylinux1_x86_64.whl", hash = "sha256:456ba26850de9da380afadc637e0004f0ba467f76e272a88259db7dafce0a6d4"},
    {file = "clickhouse_driver-0.1.5-cp37-cp37m-manylinux2010_i686.whl", hash = "sha256:1b99fdcd6d116b70c4ce60a77f298ea916675d83ba911edaecdb843968c66268"},
    {file = "clickhouse_driver-0.1.5-cp37-cp37m-manylinux2010_x86_64.whl", hash = "sha256:c15f82b02a03aefde539dbc764ee82e20ac943d2c55d96f3f680f86dc16b45dc"},
    {file = "clickhouse_driver-0.1.5-cp37-cp37m-win32.whl", hash = "sha256:b8d2c5cbfd7bcfefa6f2d0e3df14bff77e28760e5e8d85ce562909663b5cd405"},
    {file = "clickhouse_driver-0.1.5-cp37-cp37m-win_amd64.whl", hash = "sha256:1486b983d9560fc2e466748e321c7dd5f15c01888bdd3775fa6b2e6be4396643"},
    {file = "clickhouse_driver-0.1.5-cp38-cp38-macosx_10_9_x86_64.whl", hash = "sha256:ae92c23de0bbc1e647b9f8829b2013f212252052b07c8286f0519dcad246191b"},
    {file = "clickhouse_driver-0.1.5-cp38-cp38-manylinux1_i686.whl", hash = "sha256:16a362469b479f8191ef69388c52b654e79c079f3ed3b7c93965d294a27a0cd6"},
    {file = "clickhouse_driver-0.1.5-cp38-cp38-manylinux1_x86_64.whl", hash = "sha256:793861bbac6228c39c911cfa2092dd48fe3c7a32e1910e9250406c10fa13e395"},
    {file = "clickhouse_driver-0.1.5-cp38-cp38-manylinux2010_i686.whl", hash = "sha256:94a8ce7e1683fe168c1be6e0eb0c21b620b9e4789f53f677911bd03cd793fac9"},
    {file = "clickhouse_driver-0.1.5-cp38-cp38-manylinux2010_x86_64.whl", hash = "sha256:0022832d6f238e150ae4ce56216090c452297b2d9e3086ddbf54c5efc97844d0"},
    {file = "clickhouse_driver-0.1.5-cp38-cp38-win32.whl", hash = "sha256:57076c70000bd9125d45a9c3fdfdc281a935b4d173ab4178b4d0d09f7955741d"},
    {file = "clickhouse_driver-0.1.5-cp38-cp38-win_amd64.whl", hash = "sha256:fddef8603413fecbfd5f86b463e2d4388122751ea0206affa783368076626599"},
]
colorama = [
    {file = "colorama-0.4.4-py2.py3-none-any.whl", hash = "sha256:9f47eda37229f68eee03b24b9748937c7dc3868f906e8ba69fbcbdd3bc5dc3e2"},
    {file = "colorama-0.4.4.tar.gz", hash = "sha256:5941b2b48a20143d2267e95b1c2a7603ce057ee39fd88e7329b0c292aa16869b"},
]
importlib-metadata = [
    {file = "importlib_metadata-2.0.0-py2.py3-none-any.whl", hash = "sha256:cefa1a2f919b866c5beb7c9f7b0ebb4061f30a8a9bf16d609b000e2dfaceb9c3"},
    {file = "importlib_metadata-2.0.0.tar.gz", hash = "sha256:77a540690e24b0305878c37ffd421785a6f7e53c8b5720d211b211de8d0e95da"},
]
more-itertools = [
    {file = "more-itertools-8.6.0.tar.gz", hash = "sha256:b3a9005928e5bed54076e6e549c792b306fddfe72b2d1d22dd63d42d5d3899cf"},
    {file = "more_itertools-8.6.0-py3-none-any.whl", hash = "sha256:8e1a2a43b2f2727425f2b5839587ae37093f19153dc26c0927d1048ff6557330"},
]
packaging = [
    {file = "packaging-20.4-py2.py3-none-any.whl", hash = "sha256:998416ba6962ae7fbd6596850b80e17859a5753ba17c32284f67bfff33784181"},
    {file = "packaging-20.4.tar.gz", hash = "sha256:4357f74f47b9c12db93624a82154e9b120fa8293699949152b22065d556079f8"},
]
pluggy = [
    {file = "pluggy-0.13.1-py2.py3-none-any.whl", hash = "sha256:966c145cd83c96502c3c3868f50408687b38434af77734af1e9ca461a4081d2d"},
    {file = "pluggy-0.13.1.tar.gz", hash = "sha256:15b2acde666561e1298d71b523007ed7364de07029219b604cf808bfa1c765b0"},
]
py = [
    {file = "py-1.9.0-py2.py3-none-any.whl", hash = "sha256:366389d1db726cd2fcfc79732e75410e5fe4d31db13692115529d34069a043c2"},
    {file = "py-1.9.0.tar.gz", hash = "sha256:9ca6883ce56b4e8da7e79ac18787889fa5206c79dcc67fb065376cd2fe03f342"},
]
pyparsing = [
    {file = "pyparsing-2.4.7-py2.py3-none-any.whl", hash = "sha256:ef9d7589ef3c200abe66653d3f1ab1033c3c419ae9b9bdb1240a85b024efc88b"},
    {file = "pyparsing-2.4.7.tar.gz", hash = "sha256:c203ec8783bf771a155b207279b9bccb8dea02d8f0c9e5f8ead507bc3246ecc1"},
]
pytest = [
    {file = "pytest-5.4.3-py3-none-any.whl", hash = "sha256:5c0db86b698e8f170ba4582a492248919255fcd4c79b1ee64ace34301fb589a1"},
    {file = "pytest-5.4.3.tar.gz", hash = "sha256:7979331bfcba207414f5e1263b5a0f8f521d0f457318836a7355531ed1a4c7d8"},
]
pytz = [
    {file = "pytz-2020.4-py2.py3-none-any.whl", hash = "sha256:5c55e189b682d420be27c6995ba6edce0c0a77dd67bfbe2ae6607134d5851ffd"},
    {file = "pytz-2020.4.tar.gz", hash = "sha256:3e6b7dd2d1e0a59084bcee14a17af60c5c562cdc16d828e8eba2e683d3a7e268"},
]
six = [
    {file = "six-1.15.0-py2.py3-none-any.whl", hash = "sha256:8b74bedcbbbaca38ff6d7491d76f2b06b3592611af620f8426e82dddb04a5ced"},
    {file = "six-1.15.0.tar.gz", hash = "sha256:30639c035cdb23534cd4aa2dd52c3bf48f06e5f4a941509c8bafd8ce11080259"},
]
tzlocal = [
    {file = "tzlocal-2.1-py2.py3-none-any.whl", hash = "sha256:e2cb6c6b5b604af38597403e9852872d7f534962ae2954c7f35efcb1ccacf4a4"},
    {file = "tzlocal-2.1.tar.gz", hash = "sha256:643c97c5294aedc737780a49d9df30889321cbe1204eac2c2ec6134035a92e44"},
]
wcwidth = [
    {file = "wcwidth-0.2.5-py2.py3-none-any.whl", hash = "sha256:beb4802a9cebb9144e99086eff703a642a13d6a0052920003a230f3294bbe784"},
    {file = "wcwidth-0.2.5.tar.gz", hash = "sha256:c4d647b99872929fdb7bdcaa4fbe7f01413ed3d98077df798530e5b04f116c83"},
]
zipp = [
    {file = "zipp-3.4.0-py3-none-any.whl", hash = "sha256:102c24ef8f171fd729d46599845e95c7ab894a4cf45f5de11a44cc7444fb1108"},
    {file = "zipp-3.4.0.tar.gz", hash = "sha256:ed5eee1974372595f9e416cc7bbeeb12335201d8081ca8a0743c954d4446e5cb"},
]
