[[package]]
name = "pyasn"
version = "1.6.1"
description = "Offline IP address to Autonomous System Number lookup module."
category = "main"
optional = false
python-versions = "*"

[[package]]
name = "pytz"
version = "2020.5"
description = "World timezone definitions, modern and historical"
category = "main"
optional = false
python-versions = "*"

[metadata]
lock-version = "1.1"
python-versions = "^3.8"
content-hash = "cb9f985198db446ff5865d0a406ed9446d36ab101c1698d77033b79101daea3d"

[metadata.files]
pyasn = [
    {file = "pyasn-1.6.1.tar.gz", hash = "sha256:e942b54916363ec7b8b70eaeaecd0eb4e41ef1bcf4a2397b29a6d715fccdf925"},
]
pytz = [
    {file = "pytz-2020.5-py2.py3-none-any.whl", hash = "sha256:16962c5fb8db4a8f63a26646d8886e9d769b6c511543557bc84e9569fb9a9cb4"},
    {file = "pytz-2020.5.tar.gz", hash = "sha256:180befebb1927b16f6b57101720075a984c019ac16b1b7575673bea42c6c3da5"},
]
